
Microsoft Visual Studio Solution File, Format Version 12.00
# Visual Studio Version 17
VisualStudioVersion = 17.7.34202.233
MinimumVisualStudioVersion = 10.0.40219.1
Project("{FAE04EC0-301F-11D3-BF4B-00C04F79EFBC}") = "practica 4 U3", "practica 4 U3.csproj", "{F00958C5-8CE5-452C-9D2C-E9D22C1DA31E}"
EndProject
Global
	GlobalSection(SolutionConfigurationPlatforms) = preSolution
		Debug|Any CPU = Debug|Any CPU
		Release|Any CPU = Release|Any CPU
	EndGlobalSection
	GlobalSection(ProjectConfigurationPlatforms) = postSolution
		{F00958C5-8CE5-452C-9D2C-E9D22C1DA31E}.Debug|Any CPU.ActiveCfg = Debug|Any CPU
		{F00958C5-8CE5-452C-9D2C-E9D22C1DA31E}.Debug|Any CPU.Build.0 = Debug|Any CPU
		{F00958C5-8CE5-452C-9D2C-E9D22C1DA31E}.Release|Any CPU.ActiveCfg = Release|Any CPU
		{F00958C5-8CE5-452C-9D2C-E9D22C1DA31E}.Release|Any CPU.Build.0 = Release|Any CPU
	EndGlobalSection
	GlobalSection(SolutionProperties) = preSolution
		HideSolutionNode = FALSE
	EndGlobalSection
	GlobalSection(ExtensibilityGlobals) = postSolution
		SolutionGuid = {8C135114-4F31-4F51-8F84-6C71B0A88675}
	EndGlobalSection
EndGlobal
